
Microsoft Visual Studio Solution File, Format Version 12.00
# Visual Studio Version 16
VisualStudioVersion = 16.0.31911.196
MinimumVisualStudioVersion = 10.0.40219.1
Project("{FAE04EC0-301F-11D3-BF4B-00C04F79EFBC}") = "RabbitMQ.MassTransit.API", "RabbitMQ.MassTransit.API\RabbitMQ.MassTransit.API.csproj", "{BEDCB4F5-7304-4C28-B7F3-5C17C561033B}"
EndProject
Project("{FAE04EC0-301F-11D3-BF4B-00C04F79EFBC}") = "RabbitMQ.MassTransit.Service", "RabbitMQ-MassTransit.Service\RabbitMQ.MassTransit.Service.csproj", "{3443AD6A-B48E-48C9-92FB-F44B46375C38}"
EndProject
Global
	GlobalSection(SolutionConfigurationPlatforms) = preSolution
		Debug|Any CPU = Debug|Any CPU
		Release|Any CPU = Release|Any CPU
	EndGlobalSection
	GlobalSection(ProjectConfigurationPlatforms) = postSolution
		{BEDCB4F5-7304-4C28-B7F3-5C17C561033B}.Debug|Any CPU.ActiveCfg = Debug|Any CPU
		{BEDCB4F5-7304-4C28-B7F3-5C17C561033B}.Debug|Any CPU.Build.0 = Debug|Any CPU
		{BEDCB4F5-7304-4C28-B7F3-5C17C561033B}.Release|Any CPU.ActiveCfg = Release|Any CPU
		{BEDCB4F5-7304-4C28-B7F3-5C17C561033B}.Release|Any CPU.Build.0 = Release|Any CPU
		{3443AD6A-B48E-48C9-92FB-F44B46375C38}.Debug|Any CPU.ActiveCfg = Debug|Any CPU
		{3443AD6A-B48E-48C9-92FB-F44B46375C38}.Debug|Any CPU.Build.0 = Debug|Any CPU
		{3443AD6A-B48E-48C9-92FB-F44B46375C38}.Release|Any CPU.ActiveCfg = Release|Any CPU
		{3443AD6A-B48E-48C9-92FB-F44B46375C38}.Release|Any CPU.Build.0 = Release|Any CPU
	EndGlobalSection
	GlobalSection(SolutionProperties) = preSolution
		HideSolutionNode = FALSE
	EndGlobalSection
	GlobalSection(ExtensibilityGlobals) = postSolution
		SolutionGuid = {F6820D34-91DD-42B0-95E4-EB73B3906908}
	EndGlobalSection
EndGlobal
